
Microsoft Visual Studio Solution File, Format Version 12.00
# Visual Studio 15
VisualStudioVersion = 15.0.26403.0
MinimumVisualStudioVersion = 10.0.40219.1
Project("{FAE04EC0-301F-11D3-BF4B-00C04F79EFBC}") = "Timeline Peeping Tool", "Timeline Peeping Tool\Timeline Peeping Tool.csproj", "{C9C048F1-DBD0-4CF2-BE90-3E7B3310EDBD}"
EndProject
Global
	GlobalSection(SolutionConfigurationPlatforms) = preSolution
		Debug|Any CPU = Debug|Any CPU
		Release|Any CPU = Release|Any CPU
	EndGlobalSection
	GlobalSection(ProjectConfigurationPlatforms) = postSolution
		{C9C048F1-DBD0-4CF2-BE90-3E7B3310EDBD}.Debug|Any CPU.ActiveCfg = Debug|Any CPU
		{C9C048F1-DBD0-4CF2-BE90-3E7B3310EDBD}.Debug|Any CPU.Build.0 = Debug|Any CPU
		{C9C048F1-DBD0-4CF2-BE90-3E7B3310EDBD}.Release|Any CPU.ActiveCfg = Release|Any CPU
		{C9C048F1-DBD0-4CF2-BE90-3E7B3310EDBD}.Release|Any CPU.Build.0 = Release|Any CPU
	EndGlobalSection
	GlobalSection(SolutionProperties) = preSolution
		HideSolutionNode = FALSE
	EndGlobalSection
EndGlobal
